
Microsoft Visual Studio Solution File, Format Version 12.00
# Visual Studio Version 17
VisualStudioVersion = 17.13.35931.197
MinimumVisualStudioVersion = 10.0.40219.1
Project("{FAE04EC0-301F-11D3-BF4B-00C04F79EFBC}") = "ACTIS_WebSocket_Gantner", "ACTIS_WebSocket_Gantner\ACTIS_WebSocket_Gantner.csproj", "{2B78F4B4-A67D-4244-A051-F1F7D0F9184D}"
EndProject
Project("{FAE04EC0-301F-11D3-BF4B-00C04F79EFBC}") = "GAT.GT7.Client.Core", "GAT.GT7.Client.Core\GAT.GT7.Client.Core.csproj", "{4EA95A9E-6EFC-7EED-F90D-0B71B3E46196}"
EndProject
Project("{FAE04EC0-301F-11D3-BF4B-00C04F79EFBC}") = "GAT.Core.Devices.Gen7", "GAT.Core.Devices.Gen7\GAT.Core.Devices.Gen7.csproj", "{606FA505-09D3-AA68-84B3-14F1C73A8720}"
EndProject
Global
	GlobalSection(SolutionConfigurationPlatforms) = preSolution
		Debug|Any CPU = Debug|Any CPU
		Release|Any CPU = Release|Any CPU
	EndGlobalSection
	GlobalSection(ProjectConfigurationPlatforms) = postSolution
		{2B78F4B4-A67D-4244-A051-F1F7D0F9184D}.Debug|Any CPU.ActiveCfg = Debug|Any CPU
		{2B78F4B4-A67D-4244-A051-F1F7D0F9184D}.Debug|Any CPU.Build.0 = Debug|Any CPU
		{2B78F4B4-A67D-4244-A051-F1F7D0F9184D}.Release|Any CPU.ActiveCfg = Release|Any CPU
		{2B78F4B4-A67D-4244-A051-F1F7D0F9184D}.Release|Any CPU.Build.0 = Release|Any CPU
		{4EA95A9E-6EFC-7EED-F90D-0B71B3E46196}.Debug|Any CPU.ActiveCfg = Debug|Any CPU
		{4EA95A9E-6EFC-7EED-F90D-0B71B3E46196}.Debug|Any CPU.Build.0 = Debug|Any CPU
		{4EA95A9E-6EFC-7EED-F90D-0B71B3E46196}.Release|Any CPU.ActiveCfg = Release|Any CPU
		{4EA95A9E-6EFC-7EED-F90D-0B71B3E46196}.Release|Any CPU.Build.0 = Release|Any CPU
		{606FA505-09D3-AA68-84B3-14F1C73A8720}.Debug|Any CPU.ActiveCfg = Debug|Any CPU
		{606FA505-09D3-AA68-84B3-14F1C73A8720}.Debug|Any CPU.Build.0 = Debug|Any CPU
		{606FA505-09D3-AA68-84B3-14F1C73A8720}.Release|Any CPU.ActiveCfg = Release|Any CPU
		{606FA505-09D3-AA68-84B3-14F1C73A8720}.Release|Any CPU.Build.0 = Release|Any CPU
	EndGlobalSection
	GlobalSection(SolutionProperties) = preSolution
		HideSolutionNode = FALSE
	EndGlobalSection
	GlobalSection(ExtensibilityGlobals) = postSolution
		SolutionGuid = {1A694399-5EEC-426B-8094-732DB39AC92D}
	EndGlobalSection
EndGlobal
